# THIS IS AN AUTOGENERATED FILE. DO NOT EDIT THIS FILE DIRECTLY.
# yarn lockfile v1


axe-core@^3.3.1:
  version "3.3.1"
  resolved "https://registry.yarnpkg.com/axe-core/-/axe-core-3.3.1.tgz#3d1fa78cca8ead1b78c350581501e4e37b97b826"
  integrity sha512-gw1T0JptHPF4AdLLqE8yQq3Z7YvsYkpFmFWd84r6hnq/QoKRr8icYHFumhE7wYl5TVIHgVlchMyJsAYh0CfwCQ==
